
Microsoft Visual Studio Solution File, Format Version 12.00
# Visual Studio Version 17
VisualStudioVersion = 17.13.35919.96 d17.13
MinimumVisualStudioVersion = 10.0.40219.1
Project("{FAE04EC0-301F-11D3-BF4B-00C04F79EFBC}") = "API1", "API1\API1.csproj", "{22CFD91E-1090-4FFB-A86C-2FB0E3ACE1C4}"
EndProject
Global
	GlobalSection(SolutionConfigurationPlatforms) = preSolution
		Debug|Any CPU = Debug|Any CPU
		Release|Any CPU = Release|Any CPU
	EndGlobalSection
	GlobalSection(ProjectConfigurationPlatforms) = postSolution
		{22CFD91E-1090-4FFB-A86C-2FB0E3ACE1C4}.Debug|Any CPU.ActiveCfg = Debug|Any CPU
		{22CFD91E-1090-4FFB-A86C-2FB0E3ACE1C4}.Debug|Any CPU.Build.0 = Debug|Any CPU
		{22CFD91E-1090-4FFB-A86C-2FB0E3ACE1C4}.Release|Any CPU.ActiveCfg = Release|Any CPU
		{22CFD91E-1090-4FFB-A86C-2FB0E3ACE1C4}.Release|Any CPU.Build.0 = Release|Any CPU
	EndGlobalSection
	GlobalSection(SolutionProperties) = preSolution
		HideSolutionNode = FALSE
	EndGlobalSection
	GlobalSection(ExtensibilityGlobals) = postSolution
		SolutionGuid = {C6F033C7-2C07-4679-89C1-737DD4E54054}
	EndGlobalSection
EndGlobal
