
Microsoft Visual Studio Solution File, Format Version 12.00
# Visual Studio Version 17
VisualStudioVersion = 17.11.35219.272
MinimumVisualStudioVersion = 10.0.40219.1
Project("{FAE04EC0-301F-11D3-BF4B-00C04F79EFBC}") = "MVCerrpage", "MVCerrpage\MVCerrpage.csproj", "{A606F8D6-538C-4BEE-B9CB-3CFD01E6783B}"
EndProject
Global
	GlobalSection(SolutionConfigurationPlatforms) = preSolution
		Debug|Any CPU = Debug|Any CPU
		Release|Any CPU = Release|Any CPU
	EndGlobalSection
	GlobalSection(ProjectConfigurationPlatforms) = postSolution
		{A606F8D6-538C-4BEE-B9CB-3CFD01E6783B}.Debug|Any CPU.ActiveCfg = Debug|Any CPU
		{A606F8D6-538C-4BEE-B9CB-3CFD01E6783B}.Debug|Any CPU.Build.0 = Debug|Any CPU
		{A606F8D6-538C-4BEE-B9CB-3CFD01E6783B}.Release|Any CPU.ActiveCfg = Release|Any CPU
		{A606F8D6-538C-4BEE-B9CB-3CFD01E6783B}.Release|Any CPU.Build.0 = Release|Any CPU
	EndGlobalSection
	GlobalSection(SolutionProperties) = preSolution
		HideSolutionNode = FALSE
	EndGlobalSection
	GlobalSection(ExtensibilityGlobals) = postSolution
		SolutionGuid = {74406A22-B7EC-40B9-9362-F71C5AE332A0}
	EndGlobalSection
EndGlobal
