
Microsoft Visual Studio Solution File, Format Version 12.00
# Visual Studio Version 17
VisualStudioVersion = 17.13.35919.96 d17.13
MinimumVisualStudioVersion = 10.0.40219.1
Project("{FAE04EC0-301F-11D3-BF4B-00C04F79EFBC}") = "ConsoleApp4", "ConsoleApp4\ConsoleApp4.csproj", "{57842E0F-C4FC-4426-B7D7-2196CEAF675D}"
EndProject
Global
	GlobalSection(SolutionConfigurationPlatforms) = preSolution
		Debug|Any CPU = Debug|Any CPU
		Release|Any CPU = Release|Any CPU
	EndGlobalSection
	GlobalSection(ProjectConfigurationPlatforms) = postSolution
		{57842E0F-C4FC-4426-B7D7-2196CEAF675D}.Debug|Any CPU.ActiveCfg = Debug|Any CPU
		{57842E0F-C4FC-4426-B7D7-2196CEAF675D}.Debug|Any CPU.Build.0 = Debug|Any CPU
		{57842E0F-C4FC-4426-B7D7-2196CEAF675D}.Release|Any CPU.ActiveCfg = Release|Any CPU
		{57842E0F-C4FC-4426-B7D7-2196CEAF675D}.Release|Any CPU.Build.0 = Release|Any CPU
	EndGlobalSection
	GlobalSection(SolutionProperties) = preSolution
		HideSolutionNode = FALSE
	EndGlobalSection
	GlobalSection(ExtensibilityGlobals) = postSolution
		SolutionGuid = {11D5BF19-3AB4-4BC7-98B5-059B7AFCB434}
	EndGlobalSection
EndGlobal
