
Microsoft Visual Studio Solution File, Format Version 12.00
# Visual Studio Version 17
VisualStudioVersion = 17.13.35919.96 d17.13
MinimumVisualStudioVersion = 10.0.40219.1
Project("{FAE04EC0-301F-11D3-BF4B-00C04F79EFBC}") = "Question-4", "Question-4\Question-4.csproj", "{C0E111DE-DB20-4F9B-9B06-80C1C5C6F9BB}"
EndProject
Global
	GlobalSection(SolutionConfigurationPlatforms) = preSolution
		Debug|Any CPU = Debug|Any CPU
		Release|Any CPU = Release|Any CPU
	EndGlobalSection
	GlobalSection(ProjectConfigurationPlatforms) = postSolution
		{C0E111DE-DB20-4F9B-9B06-80C1C5C6F9BB}.Debug|Any CPU.ActiveCfg = Debug|Any CPU
		{C0E111DE-DB20-4F9B-9B06-80C1C5C6F9BB}.Debug|Any CPU.Build.0 = Debug|Any CPU
		{C0E111DE-DB20-4F9B-9B06-80C1C5C6F9BB}.Release|Any CPU.ActiveCfg = Release|Any CPU
		{C0E111DE-DB20-4F9B-9B06-80C1C5C6F9BB}.Release|Any CPU.Build.0 = Release|Any CPU
	EndGlobalSection
	GlobalSection(SolutionProperties) = preSolution
		HideSolutionNode = FALSE
	EndGlobalSection
	GlobalSection(ExtensibilityGlobals) = postSolution
		SolutionGuid = {8931EFE4-466A-4E4F-938B-E98C8A52F2CF}
	EndGlobalSection
EndGlobal
