
Microsoft Visual Studio Solution File, Format Version 12.00
# Visual Studio Version 17
VisualStudioVersion = 17.13.35919.96 d17.13
MinimumVisualStudioVersion = 10.0.40219.1
Project("{FAE04EC0-301F-11D3-BF4B-00C04F79EFBC}") = "Question-9", "Question-9\Question-9.csproj", "{D39BD2D1-582B-43EF-B344-642429E54D37}"
EndProject
Global
	GlobalSection(SolutionConfigurationPlatforms) = preSolution
		Debug|Any CPU = Debug|Any CPU
		Release|Any CPU = Release|Any CPU
	EndGlobalSection
	GlobalSection(ProjectConfigurationPlatforms) = postSolution
		{D39BD2D1-582B-43EF-B344-642429E54D37}.Debug|Any CPU.ActiveCfg = Debug|Any CPU
		{D39BD2D1-582B-43EF-B344-642429E54D37}.Debug|Any CPU.Build.0 = Debug|Any CPU
		{D39BD2D1-582B-43EF-B344-642429E54D37}.Release|Any CPU.ActiveCfg = Release|Any CPU
		{D39BD2D1-582B-43EF-B344-642429E54D37}.Release|Any CPU.Build.0 = Release|Any CPU
	EndGlobalSection
	GlobalSection(SolutionProperties) = preSolution
		HideSolutionNode = FALSE
	EndGlobalSection
	GlobalSection(ExtensibilityGlobals) = postSolution
		SolutionGuid = {A80D4A71-47E8-45D6-872A-7D47A5C7112F}
	EndGlobalSection
EndGlobal
