
Microsoft Visual Studio Solution File, Format Version 12.00
# Visual Studio Version 17
VisualStudioVersion = 17.11.35219.272
MinimumVisualStudioVersion = 10.0.40219.1
Project("{FAE04EC0-301F-11D3-BF4B-00C04F79EFBC}") = "nextmiddlewaredemo", "nextmiddlewaredemo\nextmiddlewaredemo.csproj", "{FF582A66-2C13-4101-83CF-7AE21AE3CFFD}"
EndProject
Global
	GlobalSection(SolutionConfigurationPlatforms) = preSolution
		Debug|Any CPU = Debug|Any CPU
		Release|Any CPU = Release|Any CPU
	EndGlobalSection
	GlobalSection(ProjectConfigurationPlatforms) = postSolution
		{FF582A66-2C13-4101-83CF-7AE21AE3CFFD}.Debug|Any CPU.ActiveCfg = Debug|Any CPU
		{FF582A66-2C13-4101-83CF-7AE21AE3CFFD}.Debug|Any CPU.Build.0 = Debug|Any CPU
		{FF582A66-2C13-4101-83CF-7AE21AE3CFFD}.Release|Any CPU.ActiveCfg = Release|Any CPU
		{FF582A66-2C13-4101-83CF-7AE21AE3CFFD}.Release|Any CPU.Build.0 = Release|Any CPU
	EndGlobalSection
	GlobalSection(SolutionProperties) = preSolution
		HideSolutionNode = FALSE
	EndGlobalSection
	GlobalSection(ExtensibilityGlobals) = postSolution
		SolutionGuid = {F5C039B3-E1BD-4402-A10E-ED3D59493CEC}
	EndGlobalSection
EndGlobal
