
Microsoft Visual Studio Solution File, Format Version 12.00
# Visual Studio Version 17
VisualStudioVersion = 17.13.35919.96 d17.13
MinimumVisualStudioVersion = 10.0.40219.1
Project("{FAE04EC0-301F-11D3-BF4B-00C04F79EFBC}") = "MVCCookieForm", "MVCCookieForm\MVCCookieForm.csproj", "{91DAA715-4528-4EA0-B109-B7D2CA48301A}"
EndProject
Global
	GlobalSection(SolutionConfigurationPlatforms) = preSolution
		Debug|Any CPU = Debug|Any CPU
		Release|Any CPU = Release|Any CPU
	EndGlobalSection
	GlobalSection(ProjectConfigurationPlatforms) = postSolution
		{91DAA715-4528-4EA0-B109-B7D2CA48301A}.Debug|Any CPU.ActiveCfg = Debug|Any CPU
		{91DAA715-4528-4EA0-B109-B7D2CA48301A}.Debug|Any CPU.Build.0 = Debug|Any CPU
		{91DAA715-4528-4EA0-B109-B7D2CA48301A}.Release|Any CPU.ActiveCfg = Release|Any CPU
		{91DAA715-4528-4EA0-B109-B7D2CA48301A}.Release|Any CPU.Build.0 = Release|Any CPU
	EndGlobalSection
	GlobalSection(SolutionProperties) = preSolution
		HideSolutionNode = FALSE
	EndGlobalSection
	GlobalSection(ExtensibilityGlobals) = postSolution
		SolutionGuid = {83547DAA-43DE-4384-9551-A2B2E560BBC2}
	EndGlobalSection
EndGlobal
