
Microsoft Visual Studio Solution File, Format Version 12.00
# Visual Studio Version 17
VisualStudioVersion = 17.13.35919.96 d17.13
MinimumVisualStudioVersion = 10.0.40219.1
Project("{FAE04EC0-301F-11D3-BF4B-00C04F79EFBC}") = "Question-3", "Question-3\Question-3.csproj", "{DCBFA2C2-AC30-4F15-9879-6F6F933116E1}"
EndProject
Global
	GlobalSection(SolutionConfigurationPlatforms) = preSolution
		Debug|Any CPU = Debug|Any CPU
		Release|Any CPU = Release|Any CPU
	EndGlobalSection
	GlobalSection(ProjectConfigurationPlatforms) = postSolution
		{DCBFA2C2-AC30-4F15-9879-6F6F933116E1}.Debug|Any CPU.ActiveCfg = Debug|Any CPU
		{DCBFA2C2-AC30-4F15-9879-6F6F933116E1}.Debug|Any CPU.Build.0 = Debug|Any CPU
		{DCBFA2C2-AC30-4F15-9879-6F6F933116E1}.Release|Any CPU.ActiveCfg = Release|Any CPU
		{DCBFA2C2-AC30-4F15-9879-6F6F933116E1}.Release|Any CPU.Build.0 = Release|Any CPU
	EndGlobalSection
	GlobalSection(SolutionProperties) = preSolution
		HideSolutionNode = FALSE
	EndGlobalSection
	GlobalSection(ExtensibilityGlobals) = postSolution
		SolutionGuid = {1DB6E52A-9874-4795-85C5-3FF1F203C7F2}
	EndGlobalSection
EndGlobal
