
Microsoft Visual Studio Solution File, Format Version 12.00
# Visual Studio Version 17
VisualStudioVersion = 17.13.35919.96 d17.13
MinimumVisualStudioVersion = 10.0.40219.1
Project("{FAE04EC0-301F-11D3-BF4B-00C04F79EFBC}") = "LoginForm", "LoginForm\LoginForm.csproj", "{9BCD76FB-0BB6-433C-BD23-CA678A99DFFE}"
EndProject
Global
	GlobalSection(SolutionConfigurationPlatforms) = preSolution
		Debug|Any CPU = Debug|Any CPU
		Release|Any CPU = Release|Any CPU
	EndGlobalSection
	GlobalSection(ProjectConfigurationPlatforms) = postSolution
		{9BCD76FB-0BB6-433C-BD23-CA678A99DFFE}.Debug|Any CPU.ActiveCfg = Debug|Any CPU
		{9BCD76FB-0BB6-433C-BD23-CA678A99DFFE}.Debug|Any CPU.Build.0 = Debug|Any CPU
		{9BCD76FB-0BB6-433C-BD23-CA678A99DFFE}.Release|Any CPU.ActiveCfg = Release|Any CPU
		{9BCD76FB-0BB6-433C-BD23-CA678A99DFFE}.Release|Any CPU.Build.0 = Release|Any CPU
	EndGlobalSection
	GlobalSection(SolutionProperties) = preSolution
		HideSolutionNode = FALSE
	EndGlobalSection
	GlobalSection(ExtensibilityGlobals) = postSolution
		SolutionGuid = {AE692E60-F335-43B2-88AB-0150F14E8D45}
	EndGlobalSection
EndGlobal
